
Microsoft Visual Studio Solution File, Format Version 12.00
# Visual Studio 2013
VisualStudioVersion = 12.0.31101.0
MinimumVisualStudioVersion = 10.0.40219.1
Project("{FAE04EC0-301F-11D3-BF4B-00C04F79EFBC}") = "GZDL_DEV.UI", "GZDevicesMode\GZDL_DEV.UI.csproj", "{313EFB95-10AA-4516-B2BB-F34EA5046590}"
	ProjectSection(ProjectDependencies) = postProject
		{434B1E02-E16E-4190-9B0A-C5F652A6DEED} = {434B1E02-E16E-4190-9B0A-C5F652A6DEED}
		{64BAA00A-D396-4E71-B621-B208E378479F} = {64BAA00A-D396-4E71-B621-B208E378479F}
	EndProjectSection
EndProject
Project("{FAE04EC0-301F-11D3-BF4B-00C04F79EFBC}") = "GZDL_DEV.DAL", "GZDL_DEV.DEL\GZDL_DEV.DAL.csproj", "{B729954A-A322-48F6-88F6-558DA0A49B86}"
EndProject
Project("{FAE04EC0-301F-11D3-BF4B-00C04F79EFBC}") = "GZDL_DEV.Model", "GZDL_DEV.model\GZDL_DEV.Model.csproj", "{64BAA00A-D396-4E71-B621-B208E378479F}"
EndProject
Project("{FAE04EC0-301F-11D3-BF4B-00C04F79EFBC}") = "CustomWPFColorPicker", "CustomWPFColorPicker\CustomWPFColorPicker.csproj", "{434B1E02-E16E-4190-9B0A-C5F652A6DEED}"
	ProjectSection(ProjectDependencies) = postProject
		{64BAA00A-D396-4E71-B621-B208E378479F} = {64BAA00A-D396-4E71-B621-B208E378479F}
		{B729954A-A322-48F6-88F6-558DA0A49B86} = {B729954A-A322-48F6-88F6-558DA0A49B86}
	EndProjectSection
EndProject
Global
	GlobalSection(SolutionConfigurationPlatforms) = preSolution
		CD_ROM|Any CPU = CD_ROM|Any CPU
		CD_ROM|Mixed Platforms = CD_ROM|Mixed Platforms
		CD_ROM|x86 = CD_ROM|x86
		Debug|Any CPU = Debug|Any CPU
		Debug|Mixed Platforms = Debug|Mixed Platforms
		Debug|x86 = Debug|x86
		DVD-5|Any CPU = DVD-5|Any CPU
		DVD-5|Mixed Platforms = DVD-5|Mixed Platforms
		DVD-5|x86 = DVD-5|x86
		Release|Any CPU = Release|Any CPU
		Release|Mixed Platforms = Release|Mixed Platforms
		Release|x86 = Release|x86
		SingleImage|Any CPU = SingleImage|Any CPU
		SingleImage|Mixed Platforms = SingleImage|Mixed Platforms
		SingleImage|x86 = SingleImage|x86
	EndGlobalSection
	GlobalSection(ProjectConfigurationPlatforms) = postSolution
		{313EFB95-10AA-4516-B2BB-F34EA5046590}.CD_ROM|Any CPU.ActiveCfg = Debug|Any CPU
		{313EFB95-10AA-4516-B2BB-F34EA5046590}.CD_ROM|Any CPU.Build.0 = Debug|Any CPU
		{313EFB95-10AA-4516-B2BB-F34EA5046590}.CD_ROM|Mixed Platforms.ActiveCfg = Debug|Any CPU
		{313EFB95-10AA-4516-B2BB-F34EA5046590}.CD_ROM|Mixed Platforms.Build.0 = Debug|Any CPU
		{313EFB95-10AA-4516-B2BB-F34EA5046590}.CD_ROM|x86.ActiveCfg = Debug|Any CPU
		{313EFB95-10AA-4516-B2BB-F34EA5046590}.Debug|Any CPU.ActiveCfg = Debug|Any CPU
		{313EFB95-10AA-4516-B2BB-F34EA5046590}.Debug|Any CPU.Build.0 = Debug|Any CPU
		{313EFB95-10AA-4516-B2BB-F34EA5046590}.Debug|Mixed Platforms.ActiveCfg = Debug|Any CPU
		{313EFB95-10AA-4516-B2BB-F34EA5046590}.Debug|Mixed Platforms.Build.0 = Debug|Any CPU
		{313EFB95-10AA-4516-B2BB-F34EA5046590}.Debug|x86.ActiveCfg = Debug|Any CPU
		{313EFB95-10AA-4516-B2BB-F34EA5046590}.DVD-5|Any CPU.ActiveCfg = Debug|Any CPU
		{313EFB95-10AA-4516-B2BB-F34EA5046590}.DVD-5|Any CPU.Build.0 = Debug|Any CPU
		{313EFB95-10AA-4516-B2BB-F34EA5046590}.DVD-5|Mixed Platforms.ActiveCfg = Debug|Any CPU
		{313EFB95-10AA-4516-B2BB-F34EA5046590}.DVD-5|Mixed Platforms.Build.0 = Debug|Any CPU
		{313EFB95-10AA-4516-B2BB-F34EA5046590}.DVD-5|x86.ActiveCfg = Debug|Any CPU
		{313EFB95-10AA-4516-B2BB-F34EA5046590}.Release|Any CPU.ActiveCfg = Release|Any CPU
		{313EFB95-10AA-4516-B2BB-F34EA5046590}.Release|Any CPU.Build.0 = Release|Any CPU
		{313EFB95-10AA-4516-B2BB-F34EA5046590}.Release|Mixed Platforms.ActiveCfg = Release|Any CPU
		{313EFB95-10AA-4516-B2BB-F34EA5046590}.Release|Mixed Platforms.Build.0 = Release|Any CPU
		{313EFB95-10AA-4516-B2BB-F34EA5046590}.Release|x86.ActiveCfg = Release|Any CPU
		{313EFB95-10AA-4516-B2BB-F34EA5046590}.SingleImage|Any CPU.ActiveCfg = Debug|Any CPU
		{313EFB95-10AA-4516-B2BB-F34EA5046590}.SingleImage|Any CPU.Build.0 = Debug|Any CPU
		{313EFB95-10AA-4516-B2BB-F34EA5046590}.SingleImage|Mixed Platforms.ActiveCfg = Debug|Any CPU
		{313EFB95-10AA-4516-B2BB-F34EA5046590}.SingleImage|Mixed Platforms.Build.0 = Debug|Any CPU
		{313EFB95-10AA-4516-B2BB-F34EA5046590}.SingleImage|x86.ActiveCfg = Debug|Any CPU
		{B729954A-A322-48F6-88F6-558DA0A49B86}.CD_ROM|Any CPU.ActiveCfg = Debug|Any CPU
		{B729954A-A322-48F6-88F6-558DA0A49B86}.CD_ROM|Any CPU.Build.0 = Debug|Any CPU
		{B729954A-A322-48F6-88F6-558DA0A49B86}.CD_ROM|Mixed Platforms.ActiveCfg = Debug|Any CPU
		{B729954A-A322-48F6-88F6-558DA0A49B86}.CD_ROM|Mixed Platforms.Build.0 = Debug|Any CPU
		{B729954A-A322-48F6-88F6-558DA0A49B86}.CD_ROM|x86.ActiveCfg = Debug|Any CPU
		{B729954A-A322-48F6-88F6-558DA0A49B86}.Debug|Any CPU.ActiveCfg = Debug|Any CPU
		{B729954A-A322-48F6-88F6-558DA0A49B86}.Debug|Any CPU.Build.0 = Debug|Any CPU
		{B729954A-A322-48F6-88F6-558DA0A49B86}.Debug|Mixed Platforms.ActiveCfg = Debug|Any CPU
		{B729954A-A322-48F6-88F6-558DA0A49B86}.Debug|Mixed Platforms.Build.0 = Debug|Any CPU
		{B729954A-A322-48F6-88F6-558DA0A49B86}.Debug|x86.ActiveCfg = Debug|Any CPU
		{B729954A-A322-48F6-88F6-558DA0A49B86}.DVD-5|Any CPU.ActiveCfg = Debug|Any CPU
		{B729954A-A322-48F6-88F6-558DA0A49B86}.DVD-5|Any CPU.Build.0 = Debug|Any CPU
		{B729954A-A322-48F6-88F6-558DA0A49B86}.DVD-5|Mixed Platforms.ActiveCfg = Debug|Any CPU
		{B729954A-A322-48F6-88F6-558DA0A49B86}.DVD-5|Mixed Platforms.Build.0 = Debug|Any CPU
		{B729954A-A322-48F6-88F6-558DA0A49B86}.DVD-5|x86.ActiveCfg = Debug|Any CPU
		{B729954A-A322-48F6-88F6-558DA0A49B86}.Release|Any CPU.ActiveCfg = Release|Any CPU
		{B729954A-A322-48F6-88F6-558DA0A49B86}.Release|Any CPU.Build.0 = Release|Any CPU
		{B729954A-A322-48F6-88F6-558DA0A49B86}.Release|Mixed Platforms.ActiveCfg = Release|Any CPU
		{B729954A-A322-48F6-88F6-558DA0A49B86}.Release|Mixed Platforms.Build.0 = Release|Any CPU
		{B729954A-A322-48F6-88F6-558DA0A49B86}.Release|x86.ActiveCfg = Release|Any CPU
		{B729954A-A322-48F6-88F6-558DA0A49B86}.SingleImage|Any CPU.ActiveCfg = Debug|Any CPU
		{B729954A-A322-48F6-88F6-558DA0A49B86}.SingleImage|Any CPU.Build.0 = Debug|Any CPU
		{B729954A-A322-48F6-88F6-558DA0A49B86}.SingleImage|Mixed Platforms.ActiveCfg = Debug|Any CPU
		{B729954A-A322-48F6-88F6-558DA0A49B86}.SingleImage|Mixed Platforms.Build.0 = Debug|Any CPU
		{B729954A-A322-48F6-88F6-558DA0A49B86}.SingleImage|x86.ActiveCfg = Debug|Any CPU
		{64BAA00A-D396-4E71-B621-B208E378479F}.CD_ROM|Any CPU.ActiveCfg = Debug|Any CPU
		{64BAA00A-D396-4E71-B621-B208E378479F}.CD_ROM|Any CPU.Build.0 = Debug|Any CPU
		{64BAA00A-D396-4E71-B621-B208E378479F}.CD_ROM|Mixed Platforms.ActiveCfg = Debug|Any CPU
		{64BAA00A-D396-4E71-B621-B208E378479F}.CD_ROM|Mixed Platforms.Build.0 = Debug|Any CPU
		{64BAA00A-D396-4E71-B621-B208E378479F}.CD_ROM|x86.ActiveCfg = Debug|Any CPU
		{64BAA00A-D396-4E71-B621-B208E378479F}.Debug|Any CPU.ActiveCfg = Debug|Any CPU
		{64BAA00A-D396-4E71-B621-B208E378479F}.Debug|Any CPU.Build.0 = Debug|Any CPU
		{64BAA00A-D396-4E71-B621-B208E378479F}.Debug|Mixed Platforms.ActiveCfg = Debug|Any CPU
		{64BAA00A-D396-4E71-B621-B208E378479F}.Debug|Mixed Platforms.Build.0 = Debug|Any CPU
		{64BAA00A-D396-4E71-B621-B208E378479F}.Debug|x86.ActiveCfg = Debug|Any CPU
		{64BAA00A-D396-4E71-B621-B208E378479F}.DVD-5|Any CPU.ActiveCfg = Debug|Any CPU
		{64BAA00A-D396-4E71-B621-B208E378479F}.DVD-5|Any CPU.Build.0 = Debug|Any CPU
		{64BAA00A-D396-4E71-B621-B208E378479F}.DVD-5|Mixed Platforms.ActiveCfg = Debug|Any CPU
		{64BAA00A-D396-4E71-B621-B208E378479F}.DVD-5|Mixed Platforms.Build.0 = Debug|Any CPU
		{64BAA00A-D396-4E71-B621-B208E378479F}.DVD-5|x86.ActiveCfg = Debug|Any CPU
		{64BAA00A-D396-4E71-B621-B208E378479F}.Release|Any CPU.ActiveCfg = Release|Any CPU
		{64BAA00A-D396-4E71-B621-B208E378479F}.Release|Any CPU.Build.0 = Release|Any CPU
		{64BAA00A-D396-4E71-B621-B208E378479F}.Release|Mixed Platforms.ActiveCfg = Release|Any CPU
		{64BAA00A-D396-4E71-B621-B208E378479F}.Release|Mixed Platforms.Build.0 = Release|Any CPU
		{64BAA00A-D396-4E71-B621-B208E378479F}.Release|x86.ActiveCfg = Release|Any CPU
		{64BAA00A-D396-4E71-B621-B208E378479F}.SingleImage|Any CPU.ActiveCfg = Debug|Any CPU
		{64BAA00A-D396-4E71-B621-B208E378479F}.SingleImage|Any CPU.Build.0 = Debug|Any CPU
		{64BAA00A-D396-4E71-B621-B208E378479F}.SingleImage|Mixed Platforms.ActiveCfg = Debug|Any CPU
		{64BAA00A-D396-4E71-B621-B208E378479F}.SingleImage|Mixed Platforms.Build.0 = Debug|Any CPU
		{64BAA00A-D396-4E71-B621-B208E378479F}.SingleImage|x86.ActiveCfg = Debug|Any CPU
		{434B1E02-E16E-4190-9B0A-C5F652A6DEED}.CD_ROM|Any CPU.ActiveCfg = Debug|Any CPU
		{434B1E02-E16E-4190-9B0A-C5F652A6DEED}.CD_ROM|Any CPU.Build.0 = Debug|Any CPU
		{434B1E02-E16E-4190-9B0A-C5F652A6DEED}.CD_ROM|Mixed Platforms.ActiveCfg = Debug|Any CPU
		{434B1E02-E16E-4190-9B0A-C5F652A6DEED}.CD_ROM|Mixed Platforms.Build.0 = Debug|Any CPU
		{434B1E02-E16E-4190-9B0A-C5F652A6DEED}.CD_ROM|x86.ActiveCfg = Debug|Any CPU
		{434B1E02-E16E-4190-9B0A-C5F652A6DEED}.Debug|Any CPU.ActiveCfg = Debug|Any CPU
		{434B1E02-E16E-4190-9B0A-C5F652A6DEED}.Debug|Any CPU.Build.0 = Debug|Any CPU
		{434B1E02-E16E-4190-9B0A-C5F652A6DEED}.Debug|Mixed Platforms.ActiveCfg = Debug|Any CPU
		{434B1E02-E16E-4190-9B0A-C5F652A6DEED}.Debug|Mixed Platforms.Build.0 = Debug|Any CPU
		{434B1E02-E16E-4190-9B0A-C5F652A6DEED}.Debug|x86.ActiveCfg = Debug|Any CPU
		{434B1E02-E16E-4190-9B0A-C5F652A6DEED}.DVD-5|Any CPU.ActiveCfg = Debug|Any CPU
		{434B1E02-E16E-4190-9B0A-C5F652A6DEED}.DVD-5|Any CPU.Build.0 = Debug|Any CPU
		{434B1E02-E16E-4190-9B0A-C5F652A6DEED}.DVD-5|Mixed Platforms.ActiveCfg = Debug|Any CPU
		{434B1E02-E16E-4190-9B0A-C5F652A6DEED}.DVD-5|Mixed Platforms.Build.0 = Debug|Any CPU
		{434B1E02-E16E-4190-9B0A-C5F652A6DEED}.DVD-5|x86.ActiveCfg = Debug|Any CPU
		{434B1E02-E16E-4190-9B0A-C5F652A6DEED}.Release|Any CPU.ActiveCfg = Release|Any CPU
		{434B1E02-E16E-4190-9B0A-C5F652A6DEED}.Release|Any CPU.Build.0 = Release|Any CPU
		{434B1E02-E16E-4190-9B0A-C5F652A6DEED}.Release|Mixed Platforms.ActiveCfg = Release|Any CPU
		{434B1E02-E16E-4190-9B0A-C5F652A6DEED}.Release|Mixed Platforms.Build.0 = Release|Any CPU
		{434B1E02-E16E-4190-9B0A-C5F652A6DEED}.Release|x86.ActiveCfg = Release|Any CPU
		{434B1E02-E16E-4190-9B0A-C5F652A6DEED}.SingleImage|Any CPU.ActiveCfg = Debug|Any CPU
		{434B1E02-E16E-4190-9B0A-C5F652A6DEED}.SingleImage|Any CPU.Build.0 = Debug|Any CPU
		{434B1E02-E16E-4190-9B0A-C5F652A6DEED}.SingleImage|Mixed Platforms.ActiveCfg = Debug|Any CPU
		{434B1E02-E16E-4190-9B0A-C5F652A6DEED}.SingleImage|Mixed Platforms.Build.0 = Debug|Any CPU
		{434B1E02-E16E-4190-9B0A-C5F652A6DEED}.SingleImage|x86.ActiveCfg = Debug|Any CPU
	EndGlobalSection
	GlobalSection(SolutionProperties) = preSolution
		HideSolutionNode = FALSE
	EndGlobalSection
EndGlobal
